SITE
  remote: http://community.opscode.com/api/v1
  specs:
    apache2 (1.1.16)
    apt (1.4.8)
    bluepill (1.1.0)
    build-essential (1.1.2)
    chef-client (1.2.0)
    chef-server (1.0.0)
      apache2 (>= 0.0.0)
      bluepill (>= 0.0.0)
      couchdb (>= 0.0.0)
      daemontools (>= 0.0.0)
      gecode (>= 0.0.0)
      java (>= 0.0.0)
      nginx (>= 0.0.0)
      openssl (>= 0.0.0)
      runit (>= 0.0.0)
      xml (>= 0.0.0)
      zlib (>= 0.0.0)
    couchdb (1.0.2)
      erlang (>= 0.0.0)
    daemontools (1.0.0)
      build-essential (>= 0.0.0)
      ucspi-tcp (>= 0.0.0)
    erlang (1.0.0)
      yum (>= 0.5.0)
    gecode (1.2.0)
      apt (>= 0.0.0)
      build-essential (>= 0.0.0)
    java (1.6.0)
    nginx (1.0.2)
      bluepill (>= 0.0.0)
      build-essential (>= 0.0.0)
      ohai (>= 1.1.0)
      runit (>= 0.0.0)
      yum (>= 0.0.0)
    ohai (1.1.2)
    openssl (1.0.0)
    runit (0.15.0)
    ucspi-tcp (1.0.0)
      build-essential (>= 0)
    xml (1.0.4)
    yum (1.0.0)
    zlib (1.0.0)

DEPENDENCIES
  chef-client (>= 0)
  chef-server (>= 0)

